
Microsoft Visual Studio Solution File, Format Version 12.00
# Visual Studio 15
VisualStudioVersion = 15.0.28307.102
MinimumVisualStudioVersion = 10.0.40219.1
Project("{FAE04EC0-301F-11D3-BF4B-00C04F79EFBC}") = "GuildVoiceAttack", "GuildVoiceAttack\GuildVoiceAttack.csproj", "{88860770-FEE1-4DAE-A872-1F018C9BEE07}"
EndProject
Global
	GlobalSection(SolutionConfigurationPlatforms) = preSolution
		Debug|Any CPU = Debug|Any CPU
		Release|Any CPU = Release|Any CPU
	EndGlobalSection
	GlobalSection(ProjectConfigurationPlatforms) = postSolution
		{88860770-FEE1-4DAE-A872-1F018C9BEE07}.Debug|Any CPU.ActiveCfg = Debug|Any CPU
		{88860770-FEE1-4DAE-A872-1F018C9BEE07}.Debug|Any CPU.Build.0 = Debug|Any CPU
		{88860770-FEE1-4DAE-A872-1F018C9BEE07}.Release|Any CPU.ActiveCfg = Release|Any CPU
		{88860770-FEE1-4DAE-A872-1F018C9BEE07}.Release|Any CPU.Build.0 = Release|Any CPU
	EndGlobalSection
	GlobalSection(SolutionProperties) = preSolution
		HideSolutionNode = FALSE
	EndGlobalSection
	GlobalSection(ExtensibilityGlobals) = postSolution
		SolutionGuid = {3F532050-662A-4EDA-B265-0E9186DECE8D}
	EndGlobalSection
EndGlobal
